// !$*UTF8*$!
{
	archiveVersion = 1;
	classes = {
	};
	objectVersion = 77;
	objects = {

/* Begin PBXContainerItemProxy section */
		BAE856EE2E564FD00099C662 /* PBXContainerItemProxy */ = {
			isa = PBXContainerItemProxy;
			containerPortal = BAE856D62E564FCE0099C662 /* Project object */;
			proxyType = 1;
			remoteGlobalIDString = BAE856DD2E564FCE0099C662;
			remoteInfo = MinimalOCRApp;
		};
		BAE856F82E564FD00099C662 /* PBXContainerItemProxy */ = {
			isa = PBXContainerItemProxy;
			containerPortal = BAE856D62E564FCE0099C662 /* Project object */;
			proxyType = 1;
			remoteGlobalIDString = BAE856DD2E564FCE0099C662;
			remoteInfo = MinimalOCRApp;
		};
/* End PBXContainerItemProxy section */

/* Begin PBXFileReference section */
		BAE856DE2E564FCE0099C662 /* MinimalOCRApp.app */ = {isa = PBXFileReference; explicitFileType = wrapper.application; includeInIndex = 0; path = MinimalOCRApp.app; sourceTree = BUILT_PRODUCTS_DIR; };
		BAE856ED2E564FD00099C662 /* MinimalOCRAppTests.xctest */ = {isa = PBXFileReference; explicitFileType = wrapper.cfbundle; includeInIndex = 0; path = MinimalOCRAppTests.xctest; sourceTree = BUILT_PRODUCTS_DIR; };
		BAE856F72E564FD00099C662 /* MinimalOCRAppUITests.xctest */ = {isa = PBXFileReference; explicitFileType = wrapper.cfbundle; includeInIndex = 0; path = MinimalOCRAppUITests.xctest; sourceTree = BUILT_PRODUCTS_DIR; };
/* End PBXFileReference section */

/* Begin PBXFileSystemSynchronizedRootGroup section */
		BAE856E02E564FCE0099C662 /* MinimalOCRApp */ = {
			isa = PBXFileSystemSynchronizedRootGroup;
			path = MinimalOCRApp;
			sourceTree = "<group>";
		};
		BAE856F02E564FD00099C662 /* MinimalOCRAppTests */ = {
			isa = PBXFileSystemSynchronizedRootGroup;
			path = MinimalOCRAppTests;
			sourceTree = "<group>";
		};
		BAE856FA2E564FD00099C662 /* MinimalOCRAppUITests */ = {
			isa = PBXFileSystemSynchronizedRootGroup;
			path = MinimalOCRAppUITests;
			sourceTree = "<group>";
		};
/* End PBXFileSystemSynchronizedRootGroup section */

/* Begin PBXFrameworksBuildPhase section */
		BAE856DB2E564FCE0099C662 /* Frameworks */ = {
			isa = PBXFrameworksBuildPhase;
			buildActionMask = 2147483647;
			files = (
			);
			runOnlyForDeploymentPostprocessing = 0;
		};
		BAE856EA2E564FD00099C662 /* Frameworks */ = {
			isa = PBXFrameworksBuildPhase;
			buildActionMask = 2147483647;
			files = (
			);
			runOnlyForDeploymentPostprocessing = 0;
		};
		BAE856F42E564FD00099C662 /* Frameworks */ = {
			isa = PBXFrameworksBuildPhase;
			buildActionMask = 2147483647;
			files = (
			);
			runOnlyForDeploymentPostprocessing = 0;
		};
/* End PBXFrameworksBuildPhase section */

/* Begin PBXGroup section */
		BAE856D52E564FCE0099C662 = {
			isa = PBXGroup;
			children = (
				BAE856E02E564FCE0099C662 /* MinimalOCRApp */,
				BAE856F02E564FD00099C662 /* MinimalOCRAppTests */,
				BAE856FA2E564FD00099C662 /* MinimalOCRAppUITests */,
				BAE856DF2E564FCE0099C662 /* Products */,
			);
			sourceTree = "<group>";
		};
		BAE856DF2E564FCE0099C662 /* Products */ = {
			isa = PBXGroup;
			children = (
				BAE856DE2E564FCE0099C662 /* MinimalOCRApp.app */,
				BAE856ED2E564FD00099C662 /* MinimalOCRAppTests.xctest */,
				BAE856F72E564FD00099C662 /* MinimalOCRAppUITests.xctest */,
			);
			name = Products;
			sourceTree = "<group>";
		};
/* End PBXGroup section */

/* Begin PBXNativeTarget section */
		BAE856DD2E564FCE0099C662 /* MinimalOCRApp */ = {
			isa = PBXNativeTarget;
			buildConfigurationList = BAE857012E564FD00099C662 /* Build configuration list for PBXNativeTarget "MinimalOCRApp" */;
			buildPhases = (
				BAE856DA2E564FCE0099C662 /* Sources */,
				BAE856DB2E564FCE0099C662 /* Frameworks */,
				BAE856DC2E564FCE0099C662 /* Resources */,
			);
			buildRules = (
			);
			dependencies = (
			);
			fileSystemSynchronizedGroups = (
				BAE856E02E564FCE0099C662 /* MinimalOCRApp */,
			);
			name = MinimalOCRApp;
			packageProductDependencies = (
			);
			productName = MinimalOCRApp;
			productReference = BAE856DE2E564FCE0099C662 /* MinimalOCRApp.app */;
			productType = "com.apple.product-type.application";
		};
		BAE856EC2E564FD00099C662 /* MinimalOCRAppTests */ = {
			isa = PBXNativeTarget;
			buildConfigurationList = BAE857042E564FD00099C662 /* Build configuration list for PBXNativeTarget "MinimalOCRAppTests" */;
			buildPhases = (
				BAE856E92E564FD00099C662 /* Sources */,
				BAE856EA2E564FD00099C662 /* Frameworks */,
				BAE856EB2E564FD00099C662 /* Resources */,
			);
			buildRules = (
			);
			dependencies = (
				BAE856EF2E564FD00099C662 /* PBXTargetDependency */,
			);
			fileSystemSynchronizedGroups = (
				BAE856F02E564FD00099C662 /* MinimalOCRAppTests */,
			);
			name = MinimalOCRAppTests;
			packageProductDependencies = (
			);
			productName = MinimalOCRAppTests;
			productReference = BAE856ED2E564FD00099C662 /* MinimalOCRAppTests.xctest */;
			productType = "com.apple.product-type.bundle.unit-test";
		};
		BAE856F62E564FD00099C662 /* MinimalOCRAppUITests */ = {
			isa = PBXNativeTarget;
			buildConfigurationList = BAE857072E564FD00099C662 /* Build configuration list for PBXNativeTarget "MinimalOCRAppUITests" */;
			buildPhases = (
				BAE856F32E564FD00099C662 /* Sources */,
				BAE856F42E564FD00099C662 /* Frameworks */,
				BAE856F52E564FD00099C662 /* Resources */,
			);
			buildRules = (
			);
			dependencies = (
				BAE856F92E564FD00099C662 /* PBXTargetDependency */,
			);
			fileSystemSynchronizedGroups = (
				BAE856FA2E564FD00099C662 /* MinimalOCRAppUITests */,
			);
			name = MinimalOCRAppUITests;
			packageProductDependencies = (
			);
			productName = MinimalOCRAppUITests;
			productReference = BAE856F72E564FD00099C662 /* MinimalOCRAppUITests.xctest */;
			productType = "com.apple.product-type.bundle.ui-testing";
		};
/* End PBXNativeTarget section */

/* Begin PBXProject section */
		BAE856D62E564FCE0099C662 /* Project object */ = {
			isa = PBXProject;
			attributes = {
				BuildIndependentTargetsInParallel = 1;
				LastSwiftUpdateCheck = 1640;
				LastUpgradeCheck = 1640;
				TargetAttributes = {
					BAE856DD2E564FCE0099C662 = {
						CreatedOnToolsVersion = 16.4;
					};
					BAE856EC2E564FD00099C662 = {
						CreatedOnToolsVersion = 16.4;
						TestTargetID = BAE856DD2E564FCE0099C662;
					};
					BAE856F62E564FD00099C662 = {
						CreatedOnToolsVersion = 16.4;
						TestTargetID = BAE856DD2E564FCE0099C662;
					};
				};
			};
			buildConfigurationList = BAE856D92E564FCE0099C662 /* Build configuration list for PBXProject "MinimalOCRApp" */;
			developmentRegion = en;
			hasScannedForEncodings = 0;
			knownRegions = (
				en,
				Base,
			);
			mainGroup = BAE856D52E564FCE0099C662;
			minimizedProjectReferenceProxies = 1;
			preferredProjectObjectVersion = 77;
			productRefGroup = BAE856DF2E564FCE0099C662 /* Products */;
			projectDirPath = "";
			projectRoot = "";
			targets = (
				BAE856DD2E564FCE0099C662 /* MinimalOCRApp */,
				BAE856EC2E564FD00099C662 /* MinimalOCRAppTests */,
				BAE856F62E564FD00099C662 /* MinimalOCRAppUITests */,
			);
		};
/* End PBXProject section */

/* Begin PBXResourcesBuildPhase section */
		BAE856DC2E564FCE0099C662 /* Resources */ = {
			isa = PBXResourcesBuildPhase;
			buildActionMask = 2147483647;
			files = (
			);
			runOnlyForDeploymentPostprocessing = 0;
		};
		BAE856EB2E564FD00099C662 /* Resources */ = {
			isa = PBXResourcesBuildPhase;
			buildActionMask = 2147483647;
			files = (
			);
			runOnlyForDeploymentPostprocessing = 0;
		};
		BAE856F52E564FD00099C662 /* Resources */ = {
			isa = PBXResourcesBuildPhase;
			buildActionMask = 2147483647;
			files = (
			);
			runOnlyForDeploymentPostprocessing = 0;
		};
/* End PBXResourcesBuildPhase section */

/* Begin PBXSourcesBuildPhase section */
		BAE856DA2E564FCE0099C662 /* Sources */ = {
			isa = PBXSourcesBuildPhase;
			buildActionMask = 2147483647;
			files = (
			);
			runOnlyForDeploymentPostprocessing = 0;
		};
		BAE856E92E564FD00099C662 /* Sources */ = {
			isa = PBXSourcesBuildPhase;
			buildActionMask = 2147483647;
			files = (
			);
			runOnlyForDeploymentPostprocessing = 0;
		};
		BAE856F32E564FD00099C662 /* Sources */ = {
			isa = PBXSourcesBuildPhase;
			buildActionMask = 2147483647;
			files = (
			);
			runOnlyForDeploymentPostprocessing = 0;
		};
/* End PBXSourcesBuildPhase section */

/* Begin PBXTargetDependency section */
		BAE856EF2E564FD00099C662 /* PBXTargetDependency */ = {
			isa = PBXTargetDependency;
			target = BAE856DD2E564FCE0099C662 /* MinimalOCRApp */;
			targetProxy = BAE856EE2E564FD00099C662 /* PBXContainerItemProxy */;
		};
		BAE856F92E564FD00099C662 /* PBXTargetDependency */ = {
			isa = PBXTargetDependency;
			target = BAE856DD2E564FCE0099C662 /* MinimalOCRApp */;
			targetProxy = BAE856F82E564FD00099C662 /* PBXContainerItemProxy */;
		};
/* End PBXTargetDependency section */

/* Begin XCBuildConfiguration section */
		BAE856FF2E564FD00099C662 /* Debug */ = {
			isa = XCBuildConfiguration;
			buildSettings = {
				ALWAYS_SEARCH_USER_PATHS = NO;
				ASSETCATALOG_COMPILER_GENERATE_SWIFT_ASSET_SYMBOL_EXTENSIONS = YES;
				CLANG_ANALYZER_NONNULL = YES;
				CLANG_ANALYZER_NUMBER_OBJECT_CONVERSION = YES_AGGRESSIVE;
				CLANG_CXX_LANGUAGE_STANDARD = "gnu++20";
				CLANG_ENABLE_MODULES = YES;
				CLANG_ENABLE_OBJC_ARC = YES;
				CLANG_ENABLE_OBJC_WEAK = YES;
				CLANG_WARN_BLOCK_CAPTURE_AUTORELEASING = YES;
				CLANG_WARN_BOOL_CONVERSION = YES;
				CLANG_WARN_COMMA = YES;
				CLANG_WARN_CONSTANT_CONVERSION = YES;
				CLANG_WARN_DEPRECATED_OBJC_IMPLEMENTATIONS = YES;
				CLANG_WARN_DIRECT_OBJC_ISA_USAGE = YES_ERROR;
				CLANG_WARN_DOCUMENTATION_COMMENTS = YES;
				CLANG_WARN_EMPTY_BODY = YES;
				CLANG_WARN_ENUM_CONVERSION = YES;
				CLANG_WARN_INFINITE_RECURSION = YES;
				CLANG_WARN_INT_CONVERSION = YES;
				CLANG_WARN_NON_LITERAL_NULL_CONVERSION = YES;
				CLANG_WARN_OBJC_IMPLICIT_RETAIN_SELF = YES;
				CLANG_WARN_OBJC_LITERAL_CONVERSION = YES;
				CLANG_WARN_OBJC_ROOT_CLASS = YES_ERROR;
				CLANG_WARN_QUOTED_INCLUDE_IN_FRAMEWORK_HEADER = YES;
				CLANG_WARN_RANGE_LOOP_ANALYSIS = YES;
				CLANG_WARN_STRICT_PROTOTYPES = YES;
				CLANG_WARN_SUSPICIOUS_MOVE = YES;
				CLANG_WARN_UNGUARDED_AVAILABILITY = YES_AGGRESSIVE;
				CLANG_WARN_UNREACHABLE_CODE = YES;
				CLANG_WARN__DUPLICATE_METHOD_MATCH = YES;
				COPY_PHASE_STRIP = NO;
				DEBUG_INFORMATION_FORMAT = dwarf;
				ENABLE_STRICT_OBJC_MSGSEND = YES;
				ENABLE_TESTABILITY = YES;
				ENABLE_USER_SCRIPT_SANDBOXING = YES;
				GCC_C_LANGUAGE_STANDARD = gnu17;
				GCC_DYNAMIC_NO_PIC = NO;
				GCC_NO_COMMON_BLOCKS = YES;
				GCC_OPTIMIZATION_LEVEL = 0;
				GCC_PREPROCESSOR_DEFINITIONS = (
					"DEBUG=1",
					"$(inherited)",
				);
				GCC_WARN_64_TO_32_BIT_CONVERSION = YES;
				GCC_WARN_ABOUT_RETURN_TYPE = YES_ERROR;
				GCC_WARN_UNDECLARED_SELECTOR = YES;
				GCC_WARN_UNINITIALIZED_AUTOS = YES_AGGRESSIVE;
				GCC_WARN_UNUSED_FUNCTION = YES;
				GCC_WARN_UNUSED_VARIABLE = YES;
				IPHONEOS_DEPLOYMENT_TARGET = 18.5;
				LOCALIZATION_PREFERS_STRING_CATALOGS = YES;
				MTL_ENABLE_DEBUG_INFO = INCLUDE_SOURCE;
				MTL_FAST_MATH = YES;
				ONLY_ACTIVE_ARCH = YES;
				SDKROOT = iphoneos;
				SWIFT_ACTIVE_COMPILATION_CONDITIONS = "DEBUG $(inherited)";
				SWIFT_OPTIMIZATION_LEVEL = "-Onone";
			};
			name = Debug;
		};
		BAE857002E564FD00099C662 /* Release */ = {
			isa = XCBuildConfiguration;
			buildSettings = {
				ALWAYS_SEARCH_USER_PATHS = NO;
				ASSETCATALOG_COMPILER_GENERATE_SWIFT_ASSET_SYMBOL_EXTENSIONS = YES;
				CLANG_ANALYZER_NONNULL = YES;
				CLANG_ANALYZER_NUMBER_OBJECT_CONVERSION = YES_AGGRESSIVE;
				CLANG_CXX_LANGUAGE_STANDARD = "gnu++20";
				CLANG_ENABLE_MODULES = YES;
				CLANG_ENABLE_OBJC_ARC = YES;
				CLANG_ENABLE_OBJC_WEAK = YES;
				CLANG_WARN_BLOCK_CAPTURE_AUTORELEASING = YES;
				CLANG_WARN_BOOL_CONVERSION = YES;
				CLANG_WARN_COMMA = YES;
				CLANG_WARN_CONSTANT_CONVERSION = YES;
				CLANG_WARN_DEPRECATED_OBJC_IMPLEMENTATIONS = YES;
				CLANG_WARN_DIRECT_OBJC_ISA_USAGE = YES_ERROR;
				CLANG_WARN_DOCUMENTATION_COMMENTS = YES;
				CLANG_WARN_EMPTY_BODY = YES;
				CLANG_WARN_ENUM_CONVERSION = YES;
				CLANG_WARN_INFINITE_RECURSION = YES;
				CLANG_WARN_INT_CONVERSION = YES;
				CLANG_WARN_NON_LITERAL_NULL_CONVERSION = YES;
				CLANG_WARN_OBJC_IMPLICIT_RETAIN_SELF = YES;
				CLANG_WARN_OBJC_LITERAL_CONVERSION = YES;
				CLANG_WARN_OBJC_ROOT_CLASS = YES_ERROR;
				CLANG_WARN_QUOTED_INCLUDE_IN_FRAMEWORK_HEADER = YES;
				CLANG_WARN_RANGE_LOOP_ANALYSIS = YES;
				CLANG_WARN_STRICT_PROTOTYPES = YES;
				CLANG_WARN_SUSPICIOUS_MOVE = YES;
				CLANG_WARN_UNGUARDED_AVAILABILITY = YES_AGGRESSIVE;
				CLANG_WARN_UNREACHABLE_CODE = YES;
				CLANG_WARN__DUPLICATE_METHOD_MATCH = YES;
				COPY_PHASE_STRIP = NO;
				DEBUG_INFORMATION_FORMAT = "dwarf-with-dsym";
				ENABLE_NS_ASSERTIONS = NO;
				ENABLE_STRICT_OBJC_MSGSEND = YES;
				ENABLE_USER_SCRIPT_SANDBOXING = YES;
				GCC_C_LANGUAGE_STANDARD = gnu17;
				GCC_NO_COMMON_BLOCKS = YES;
				GCC_WARN_64_TO_32_BIT_CONVERSION = YES;
				GCC_WARN_ABOUT_RETURN_TYPE = YES_ERROR;
				GCC_WARN_UNDECLARED_SELECTOR = YES;
				GCC_WARN_UNINITIALIZED_AUTOS = YES_AGGRESSIVE;
				GCC_WARN_UNUSED_FUNCTION = YES;
				GCC_WARN_UNUSED_VARIABLE = YES;
				IPHONEOS_DEPLOYMENT_TARGET = 18.5;
				LOCALIZATION_PREFERS_STRING_CATALOGS = YES;
				MTL_ENABLE_DEBUG_INFO = NO;
				MTL_FAST_MATH = YES;
				SDKROOT = iphoneos;
				SWIFT_COMPILATION_MODE = wholemodule;
				VALIDATE_PRODUCT = YES;
			};
			name = Release;
		};
		BAE857022E564FD00099C662 /* Debug */ = {
			isa = XCBuildConfiguration;
			buildSettings = {
				ASSETCATALOG_COMPILER_APPICON_NAME = AppIcon;
				ASSETCATALOG_COMPILER_GLOBAL_ACCENT_COLOR_NAME = AccentColor;
				CODE_SIGN_STYLE = Automatic;
				CURRENT_PROJECT_VERSION = 1;
				ENABLE_PREVIEWS = YES;
				GENERATE_INFOPLIST_FILE = YES;
				INFOPLIST_KEY_UIApplicationSceneManifest_Generation = YES;
				INFOPLIST_KEY_UIApplicationSupportsIndirectInputEvents = YES;
				INFOPLIST_KEY_UILaunchScreen_Generation = YES;
				INFOPLIST_KEY_UISupportedInterfaceOrientations_iPad = "UIInterfaceOrientationPortrait UIInterfaceOrientationPortraitUpsideDown UIInterfaceOrientationLandscapeLeft UIInterfaceOrientationLandscapeRight";
				INFOPLIST_KEY_UISupportedInterfaceOrientations_iPhone = "UIInterfaceOrientationPortrait UIInterfaceOrientationLandscapeLeft UIInterfaceOrientationLandscapeRight";
				LD_RUNPATH_SEARCH_PATHS = (
					"$(inherited)",
					"@executable_path/Frameworks",
				);
				MARKETING_VERSION = 1.0;
				PRODUCT_BUNDLE_IDENTIFIER = Ozone.MinimalOCRApp;
				PRODUCT_NAME = "$(TARGET_NAME)";
				SWIFT_EMIT_LOC_STRINGS = YES;
				SWIFT_VERSION = 5.0;
				TARGETED_DEVICE_FAMILY = "1,2";
			};
			name = Debug;
		};
		BAE857032E564FD00099C662 /* Release */ = {
			isa = XCBuildConfiguration;
			buildSettings = {
				ASSETCATALOG_COMPILER_APPICON_NAME = AppIcon;
				ASSETCATALOG_COMPILER_GLOBAL_ACCENT_COLOR_NAME = AccentColor;
				CODE_SIGN_STYLE = Automatic;
				CURRENT_PROJECT_VERSION = 1;
				ENABLE_PREVIEWS = YES;
				GENERATE_INFOPLIST_FILE = YES;
				INFOPLIST_KEY_UIApplicationSceneManifest_Generation = YES;
				INFOPLIST_KEY_UIApplicationSupportsIndirectInputEvents = YES;
				INFOPLIST_KEY_UILaunchScreen_Generation = YES;
				INFOPLIST_KEY_UISupportedInterfaceOrientations_iPad = "UIInterfaceOrientationPortrait UIInterfaceOrientationPortraitUpsideDown UIInterfaceOrientationLandscapeLeft UIInterfaceOrientationLandscapeRight";
				INFOPLIST_KEY_UISupportedInterfaceOrientations_iPhone = "UIInterfaceOrientationPortrait UIInterfaceOrientationLandscapeLeft UIInterfaceOrientationLandscapeRight";
				LD_RUNPATH_SEARCH_PATHS = (
					"$(inherited)",
					"@executable_path/Frameworks",
				);
				MARKETING_VERSION = 1.0;
				PRODUCT_BUNDLE_IDENTIFIER = Ozone.MinimalOCRApp;
				PRODUCT_NAME = "$(TARGET_NAME)";
				SWIFT_EMIT_LOC_STRINGS = YES;
				SWIFT_VERSION = 5.0;
				TARGETED_DEVICE_FAMILY = "1,2";
			};
			name = Release;
		};
		BAE857052E564FD00099C662 /* Debug */ = {
			isa = XCBuildConfiguration;
			buildSettings = {
				BUNDLE_LOADER = "$(TEST_HOST)";
				CODE_SIGN_STYLE = Automatic;
				CURRENT_PROJECT_VERSION = 1;
				GENERATE_INFOPLIST_FILE = YES;
				IPHONEOS_DEPLOYMENT_TARGET = 18.5;
				MARKETING_VERSION = 1.0;
				PRODUCT_BUNDLE_IDENTIFIER = Ozone.MinimalOCRAppTests;
				PRODUCT_NAME = "$(TARGET_NAME)";
				SWIFT_EMIT_LOC_STRINGS = NO;
				SWIFT_VERSION = 5.0;
				TARGETED_DEVICE_FAMILY = "1,2";
				TEST_HOST = "$(BUILT_PRODUCTS_DIR)/MinimalOCRApp.app/$(BUNDLE_EXECUTABLE_FOLDER_PATH)/MinimalOCRApp";
			};
			name = Debug;
		};
		BAE857062E564FD00099C662 /* Release */ = {
			isa = XCBuildConfiguration;
			buildSettings = {
				BUNDLE_LOADER = "$(TEST_HOST)";
				CODE_SIGN_STYLE = Automatic;
				CURRENT_PROJECT_VERSION = 1;
				GENERATE_INFOPLIST_FILE = YES;
				IPHONEOS_DEPLOYMENT_TARGET = 18.5;
				MARKETING_VERSION = 1.0;
				PRODUCT_BUNDLE_IDENTIFIER = Ozone.MinimalOCRAppTests;
				PRODUCT_NAME = "$(TARGET_NAME)";
				SWIFT_EMIT_LOC_STRINGS = NO;
				SWIFT_VERSION = 5.0;
				TARGETED_DEVICE_FAMILY = "1,2";
				TEST_HOST = "$(BUILT_PRODUCTS_DIR)/MinimalOCRApp.app/$(BUNDLE_EXECUTABLE_FOLDER_PATH)/MinimalOCRApp";
			};
			name = Release;
		};
		BAE857082E564FD00099C662 /* Debug */ = {
			isa = XCBuildConfiguration;
			buildSettings = {
				CODE_SIGN_STYLE = Automatic;
				CURRENT_PROJECT_VERSION = 1;
				GENERATE_INFOPLIST_FILE = YES;
				MARKETING_VERSION = 1.0;
				PRODUCT_BUNDLE_IDENTIFIER = Ozone.MinimalOCRAppUITests;
				PRODUCT_NAME = "$(TARGET_NAME)";
				SWIFT_EMIT_LOC_STRINGS = NO;
				SWIFT_VERSION = 5.0;
				TARGETED_DEVICE_FAMILY = "1,2";
				TEST_TARGET_NAME = MinimalOCRApp;
			};
			name = Debug;
		};
		BAE857092E564FD00099C662 /* Release */ = {
			isa = XCBuildConfiguration;
			buildSettings = {
				CODE_SIGN_STYLE = Automatic;
				CURRENT_PROJECT_VERSION = 1;
				GENERATE_INFOPLIST_FILE = YES;
				MARKETING_VERSION = 1.0;
				PRODUCT_BUNDLE_IDENTIFIER = Ozone.MinimalOCRAppUITests;
				PRODUCT_NAME = "$(TARGET_NAME)";
				SWIFT_EMIT_LOC_STRINGS = NO;
				SWIFT_VERSION = 5.0;
				TARGETED_DEVICE_FAMILY = "1,2";
				TEST_TARGET_NAME = MinimalOCRApp;
			};
			name = Release;
		};
/* End XCBuildConfiguration section */

/* Begin XCConfigurationList section */
		BAE856D92E564FCE0099C662 /* Build configuration list for PBXProject "MinimalOCRApp" */ = {
			isa = XCConfigurationList;
			buildConfigurations = (
				BAE856FF2E564FD00099C662 /* Debug */,
				BAE857002E564FD00099C662 /* Release */,
			);
			defaultConfigurationIsVisible = 0;
			defaultConfigurationName = Release;
		};
		BAE857012E564FD00099C662 /* Build configuration list for PBXNativeTarget "MinimalOCRApp" */ = {
			isa = XCConfigurationList;
			buildConfigurations = (
				BAE857022E564FD00099C662 /* Debug */,
				BAE857032E564FD00099C662 /* Release */,
			);
			defaultConfigurationIsVisible = 0;
			defaultConfigurationName = Release;
		};
		BAE857042E564FD00099C662 /* Build configuration list for PBXNativeTarget "MinimalOCRAppTests" */ = {
			isa = XCConfigurationList;
			buildConfigurations = (
				BAE857052E564FD00099C662 /* Debug */,
				BAE857062E564FD00099C662 /* Release */,
			);
			defaultConfigurationIsVisible = 0;
			defaultConfigurationName = Release;
		};
		BAE857072E564FD00099C662 /* Build configuration list for PBXNativeTarget "MinimalOCRAppUITests" */ = {
			isa = XCConfigurationList;
			buildConfigurations = (
				BAE857082E564FD00099C662 /* Debug */,
				BAE857092E564FD00099C662 /* Release */,
			);
			defaultConfigurationIsVisible = 0;
			defaultConfigurationName = Release;
		};
/* End XCConfigurationList section */
	};
	rootObject = BAE856D62E564FCE0099C662 /* Project object */;
}
